
Microsoft Visual Studio Solution File, Format Version 12.00
# Visual Studio 14
VisualStudioVersion = 14.0.25420.1
MinimumVisualStudioVersion = 10.0.40219.1
Project("{FAE04EC0-301F-11D3-BF4B-00C04F79EFBC}") = "Hello", "Hello\Hello.csproj", "{8CF3EE03-87D1-4FBB-8BAC-B4CABE8C54DC}"
EndProject
Project("{FAE04EC0-301F-11D3-BF4B-00C04F79EFBC}") = "Tehtävät 1", "Tehtävät 1\Tehtävät 1.csproj", "{BC626983-A217-4586-B6D6-CBCCE0CD4167}"
EndProject
Project("{FAE04EC0-301F-11D3-BF4B-00C04F79EFBC}") = "Tehtävät 2", "Tehtävät 2\Tehtävät 2.csproj", "{68DD622F-11A4-4C42-A2EF-8FC373051943}"
EndProject
Project("{FAE04EC0-301F-11D3-BF4B-00C04F79EFBC}") = "Tehtävät 2_5", "Tehtävät 2_5\Tehtävät 2_5.csproj", "{BBA927B8-D34F-4272-A061-DF7871B8716F}"
EndProject
Project("{FAE04EC0-301F-11D3-BF4B-00C04F79EFBC}") = "Tehtävät 3", "Tehtävät 3\Tehtävät 3.csproj", "{642C55E7-21A9-412D-9E27-1019D2CD06B1}"
EndProject
Project("{FAE04EC0-301F-11D3-BF4B-00C04F79EFBC}") = "Tehtävät 4_5", "Tehtävät 3_5\Tehtävät 4_5.csproj", "{5461DB71-CBEF-4424-96EE-5846C90B2333}"
EndProject
Project("{FAE04EC0-301F-11D3-BF4B-00C04F79EFBC}") = "Tehtävät 4", "Tehtävät 4\Tehtävät 4.csproj", "{B147A0E0-380E-466B-BD5D-1D094CB465B2}"
EndProject
Project("{FAE04EC0-301F-11D3-BF4B-00C04F79EFBC}") = "Tehtävät 5", "Tehtävät 5\Tehtävät 5.csproj", "{D1D06BE1-46F5-4C24-A15B-F6FB5CD25144}"
EndProject
Project("{FAE04EC0-301F-11D3-BF4B-00C04F79EFBC}") = "Tehtävät 5_2", "Tehtävät 5_2\Tehtävät 5_2.csproj", "{B1A0F4F4-6DDB-4627-A57C-834B60CC2985}"
EndProject
Project("{FAE04EC0-301F-11D3-BF4B-00C04F79EFBC}") = "Tehtävät 5_3", "Tehtävät 5_3\Tehtävät 5_3.csproj", "{A95F5881-3B6A-4DDA-88C6-428E1A3F8BC6}"
EndProject
Project("{FAE04EC0-301F-11D3-BF4B-00C04F79EFBC}") = "Tehtävät 6", "Tehtävät 6\Tehtävät 6.csproj", "{88AE5407-4337-4EA4-86A0-27F4D44D2068}"
EndProject
Global
	GlobalSection(SolutionConfigurationPlatforms) = preSolution
		Debug|Any CPU = Debug|Any CPU
		Release|Any CPU = Release|Any CPU
	EndGlobalSection
	GlobalSection(ProjectConfigurationPlatforms) = postSolution
		{8CF3EE03-87D1-4FBB-8BAC-B4CABE8C54DC}.Debug|Any CPU.ActiveCfg = Debug|Any CPU
		{8CF3EE03-87D1-4FBB-8BAC-B4CABE8C54DC}.Debug|Any CPU.Build.0 = Debug|Any CPU
		{8CF3EE03-87D1-4FBB-8BAC-B4CABE8C54DC}.Release|Any CPU.ActiveCfg = Release|Any CPU
		{8CF3EE03-87D1-4FBB-8BAC-B4CABE8C54DC}.Release|Any CPU.Build.0 = Release|Any CPU
		{BC626983-A217-4586-B6D6-CBCCE0CD4167}.Debug|Any CPU.ActiveCfg = Debug|Any CPU
		{BC626983-A217-4586-B6D6-CBCCE0CD4167}.Debug|Any CPU.Build.0 = Debug|Any CPU
		{BC626983-A217-4586-B6D6-CBCCE0CD4167}.Release|Any CPU.ActiveCfg = Release|Any CPU
		{BC626983-A217-4586-B6D6-CBCCE0CD4167}.Release|Any CPU.Build.0 = Release|Any CPU
		{68DD622F-11A4-4C42-A2EF-8FC373051943}.Debug|Any CPU.ActiveCfg = Debug|Any CPU
		{68DD622F-11A4-4C42-A2EF-8FC373051943}.Debug|Any CPU.Build.0 = Debug|Any CPU
		{68DD622F-11A4-4C42-A2EF-8FC373051943}.Release|Any CPU.ActiveCfg = Release|Any CPU
		{68DD622F-11A4-4C42-A2EF-8FC373051943}.Release|Any CPU.Build.0 = Release|Any CPU
		{BBA927B8-D34F-4272-A061-DF7871B8716F}.Debug|Any CPU.ActiveCfg = Debug|Any CPU
		{BBA927B8-D34F-4272-A061-DF7871B8716F}.Debug|Any CPU.Build.0 = Debug|Any CPU
		{BBA927B8-D34F-4272-A061-DF7871B8716F}.Release|Any CPU.ActiveCfg = Release|Any CPU
		{BBA927B8-D34F-4272-A061-DF7871B8716F}.Release|Any CPU.Build.0 = Release|Any CPU
		{642C55E7-21A9-412D-9E27-1019D2CD06B1}.Debug|Any CPU.ActiveCfg = Debug|Any CPU
		{642C55E7-21A9-412D-9E27-1019D2CD06B1}.Debug|Any CPU.Build.0 = Debug|Any CPU
		{642C55E7-21A9-412D-9E27-1019D2CD06B1}.Release|Any CPU.ActiveCfg = Release|Any CPU
		{642C55E7-21A9-412D-9E27-1019D2CD06B1}.Release|Any CPU.Build.0 = Release|Any CPU
		{5461DB71-CBEF-4424-96EE-5846C90B2333}.Debug|Any CPU.ActiveCfg = Debug|Any CPU
		{5461DB71-CBEF-4424-96EE-5846C90B2333}.Debug|Any CPU.Build.0 = Debug|Any CPU
		{5461DB71-CBEF-4424-96EE-5846C90B2333}.Release|Any CPU.ActiveCfg = Release|Any CPU
		{5461DB71-CBEF-4424-96EE-5846C90B2333}.Release|Any CPU.Build.0 = Release|Any CPU
		{B147A0E0-380E-466B-BD5D-1D094CB465B2}.Debug|Any CPU.ActiveCfg = Debug|Any CPU
		{B147A0E0-380E-466B-BD5D-1D094CB465B2}.Debug|Any CPU.Build.0 = Debug|Any CPU
		{B147A0E0-380E-466B-BD5D-1D094CB465B2}.Release|Any CPU.ActiveCfg = Release|Any CPU
		{B147A0E0-380E-466B-BD5D-1D094CB465B2}.Release|Any CPU.Build.0 = Release|Any CPU
		{D1D06BE1-46F5-4C24-A15B-F6FB5CD25144}.Debug|Any CPU.ActiveCfg = Debug|Any CPU
		{D1D06BE1-46F5-4C24-A15B-F6FB5CD25144}.Debug|Any CPU.Build.0 = Debug|Any CPU
		{D1D06BE1-46F5-4C24-A15B-F6FB5CD25144}.Release|Any CPU.ActiveCfg = Release|Any CPU
		{D1D06BE1-46F5-4C24-A15B-F6FB5CD25144}.Release|Any CPU.Build.0 = Release|Any CPU
		{B1A0F4F4-6DDB-4627-A57C-834B60CC2985}.Debug|Any CPU.ActiveCfg = Debug|Any CPU
		{B1A0F4F4-6DDB-4627-A57C-834B60CC2985}.Debug|Any CPU.Build.0 = Debug|Any CPU
		{B1A0F4F4-6DDB-4627-A57C-834B60CC2985}.Release|Any CPU.ActiveCfg = Release|Any CPU
		{B1A0F4F4-6DDB-4627-A57C-834B60CC2985}.Release|Any CPU.Build.0 = Release|Any CPU
		{A95F5881-3B6A-4DDA-88C6-428E1A3F8BC6}.Debug|Any CPU.ActiveCfg = Debug|Any CPU
		{A95F5881-3B6A-4DDA-88C6-428E1A3F8BC6}.Debug|Any CPU.Build.0 = Debug|Any CPU
		{A95F5881-3B6A-4DDA-88C6-428E1A3F8BC6}.Release|Any CPU.ActiveCfg = Release|Any CPU
		{A95F5881-3B6A-4DDA-88C6-428E1A3F8BC6}.Release|Any CPU.Build.0 = Release|Any CPU
		{88AE5407-4337-4EA4-86A0-27F4D44D2068}.Debug|Any CPU.ActiveCfg = Debug|Any CPU
		{88AE5407-4337-4EA4-86A0-27F4D44D2068}.Debug|Any CPU.Build.0 = Debug|Any CPU
		{88AE5407-4337-4EA4-86A0-27F4D44D2068}.Release|Any CPU.ActiveCfg = Release|Any CPU
		{88AE5407-4337-4EA4-86A0-27F4D44D2068}.Release|Any CPU.Build.0 = Release|Any CPU
	EndGlobalSection
	GlobalSection(SolutionProperties) = preSolution
		HideSolutionNode = FALSE
	EndGlobalSection
EndGlobal
